
Microsoft Visual Studio Solution File, Format Version 12.00
# Visual Studio 15
VisualStudioVersion = 15.0.28010.2026
MinimumVisualStudioVersion = 10.0.40219.1
Project("{FAE04EC0-301F-11D3-BF4B-00C04F79EFBC}") = "Exercici16", "Exercici16\Exercici16.csproj", "{A0C9F9DC-085B-473F-8F9C-E932681A2126}"
EndProject
Global
	GlobalSection(SolutionConfigurationPlatforms) = preSolution
		Debug|Any CPU = Debug|Any CPU
		Release|Any CPU = Release|Any CPU
	EndGlobalSection
	GlobalSection(ProjectConfigurationPlatforms) = postSolution
		{A0C9F9DC-085B-473F-8F9C-E932681A2126}.Debug|Any CPU.ActiveCfg = Debug|Any CPU
		{A0C9F9DC-085B-473F-8F9C-E932681A2126}.Debug|Any CPU.Build.0 = Debug|Any CPU
		{A0C9F9DC-085B-473F-8F9C-E932681A2126}.Release|Any CPU.ActiveCfg = Release|Any CPU
		{A0C9F9DC-085B-473F-8F9C-E932681A2126}.Release|Any CPU.Build.0 = Release|Any CPU
	EndGlobalSection
	GlobalSection(SolutionProperties) = preSolution
		HideSolutionNode = FALSE
	EndGlobalSection
	GlobalSection(ExtensibilityGlobals) = postSolution
		SolutionGuid = {E32BF1A5-D56F-40FA-B249-A12F7A358D09}
	EndGlobalSection
EndGlobal
